// !$*UTF8*$!
{
	archiveVersion = 1;
	classes = {
	};
	objectVersion = 48;
	objects = {

/* Begin PBXBuildFile section */
		FAE755BA1FE2123300A09FF9 /* AppDelegate.m in Sources */ = {isa = PBXBuildFile; fileRef = FAE755B91FE2123300A09FF9 /* AppDelegate.m */; };
		FAE755BD1FE2123300A09FF9 /* ViewController.m in Sources */ = {isa = PBXBuildFile; fileRef = FAE755BC1FE2123300A09FF9 /* ViewController.m */; };
		FAE755C01FE2123300A09FF9 /* Main.storyboard in Resources */ = {isa = PBXBuildFile; fileRef = FAE755BE1FE2123300A09FF9 /* Main.storyboard */; };
		FAE755C21FE2123300A09FF9 /* Assets.xcassets in Resources */ = {isa = PBXBuildFile; fileRef = FAE755C11FE2123300A09FF9 /* Assets.xcassets */; };
		FAE755C51FE2123300A09FF9 /* LaunchScreen.storyboard in Resources */ = {isa = PBXBuildFile; fileRef = FAE755C31FE2123300A09FF9 /* LaunchScreen.storyboard */; };
		FAE755C81FE2123300A09FF9 /* main.m in Sources */ = {isa = PBXBuildFile; fileRef = FAE755C71FE2123300A09FF9 /* main.m */; };
		FAE755D21FE2123400A09FF9 /* TestTests.m in Sources */ = {isa = PBXBuildFile; fileRef = FAE755D11FE2123400A09FF9 /* TestTests.m */; };
		FAE755DD1FE2123400A09FF9 /* TestUITests.m in Sources */ = {isa = PBXBuildFile; fileRef = FAE755DC1FE2123400A09FF9 /* TestUITests.m */; };
/* End PBXBuildFile section */

/* Begin PBXContainerItemProxy section */
		FAE755CE1FE2123400A09FF9 /* PBXContainerItemProxy */ = {
			isa = PBXContainerItemProxy;
			containerPortal = FAE755AD1FE2123300A09FF9 /* Project object */;
			proxyType = 1;
			remoteGlobalIDString = FAE755B41FE2123300A09FF9;
			remoteInfo = Test;
		};
		FAE755D91FE2123400A09FF9 /* PBXContainerItemProxy */ = {
			isa = PBXContainerItemProxy;
			containerPortal = FAE755AD1FE2123300A09FF9 /* Project object */;
			proxyType = 1;
			remoteGlobalIDString = FAE755B41FE2123300A09FF9;
			remoteInfo = Test;
		};
/* End PBXContainerItemProxy section */

/* Begin PBXFileReference section */
		FAE755B51FE2123300A09FF9 /* Test.app */ = {isa = PBXFileReference; explicitFileType = wrapper.application; includeInIndex = 0; path = Test.app; sourceTree = BUILT_PRODUCTS_DIR; };
		FAE755B81FE2123300A09FF9 /* AppDelegate.h */ = {isa = PBXFileReference; lastKnownFileType = sourcecode.c.h; path = AppDelegate.h; sourceTree = "<group>"; };
		FAE755B91FE2123300A09FF9 /* AppDelegate.m */ = {isa = PBXFileReference; lastKnownFileType = sourcecode.c.objc; path = AppDelegate.m; sourceTree = "<group>"; };
		FAE755BB1FE2123300A09FF9 /* ViewController.h */ = {isa = PBXFileReference; lastKnownFileType = sourcecode.c.h; path = ViewController.h; sourceTree = "<group>"; };
		FAE755BC1FE2123300A09FF9 /* ViewController.m */ = {isa = PBXFileReference; lastKnownFileType = sourcecode.c.objc; path = ViewController.m; sourceTree = "<group>"; };
		FAE755BF1FE2123300A09FF9 /* Base */ = {isa = PBXFileReference; lastKnownFileType = file.storyboard; name = Base; path = Base.lproj/Main.storyboard; sourceTree = "<group>"; };
		FAE755C11FE2123300A09FF9 /* Assets.xcassets */ = {isa = PBXFileReference; lastKnownFileType = folder.assetcatalog; path = Assets.xcassets; sourceTree = "<group>"; };
		FAE755C41FE2123300A09FF9 /* Base */ = {isa = PBXFileReference; lastKnownFileType = file.storyboard; name = Base; path = Base.lproj/LaunchScreen.storyboard; sourceTree = "<group>"; };
		FAE755C61FE2123300A09FF9 /* Info.plist */ = {isa = PBXFileReference; lastKnownFileType = text.plist.xml; path = Info.plist; sourceTree = "<group>"; };
		FAE755C71FE2123300A09FF9 /* main.m */ = {isa = PBXFileReference; lastKnownFileType = sourcecode.c.objc; path = main.m; sourceTree = "<group>"; };
		FAE755CD1FE2123400A09FF9 /* TestTests.xctest */ = {isa = PBXFileReference; explicitFileType = wrapper.cfbundle; includeInIndex = 0; path = TestTests.xctest; sourceTree = BUILT_PRODUCTS_DIR; };
		FAE755D11FE2123400A09FF9 /* TestTests.m */ = {isa = PBXFileReference; lastKnownFileType = sourcecode.c.objc; path = TestTests.m; sourceTree = "<group>"; };
		FAE755D31FE2123400A09FF9 /* Info.plist */ = {isa = PBXFileReference; lastKnownFileType = text.plist.xml; path = Info.plist; sourceTree = "<group>"; };
		FAE755D81FE2123400A09FF9 /* TestUITests.xctest */ = {isa = PBXFileReference; explicitFileType = wrapper.cfbundle; includeInIndex = 0; path = TestUITests.xctest; sourceTree = BUILT_PRODUCTS_DIR; };
		FAE755DC1FE2123400A09FF9 /* TestUITests.m */ = {isa = PBXFileReference; lastKnownFileType = sourcecode.c.objc; path = TestUITests.m; sourceTree = "<group>"; };
		FAE755DE1FE2123400A09FF9 /* Info.plist */ = {isa = PBXFileReference; lastKnownFileType = text.plist.xml; path = Info.plist; sourceTree = "<group>"; };
/* End PBXFileReference section */

/* Begin PBXFrameworksBuildPhase section */
		FAE755B21FE2123300A09FF9 /* Frameworks */ = {
			isa = PBXFrameworksBuildPhase;
			buildActionMask = 2147483647;
			files = (
			);
			runOnlyForDeploymentPostprocessing = 0;
		};
		FAE755CA1FE2123400A09FF9 /* Frameworks */ = {
			isa = PBXFrameworksBuildPhase;
			buildActionMask = 2147483647;
			files = (
			);
			runOnlyForDeploymentPostprocessing = 0;
		};
		FAE755D51FE2123400A09FF9 /* Frameworks */ = {
			isa = PBXFrameworksBuildPhase;
			buildActionMask = 2147483647;
			files = (
			);
			runOnlyForDeploymentPostprocessing = 0;
		};
/* End PBXFrameworksBuildPhase section */

/* Begin PBXGroup section */
		FAE755AC1FE2123300A09FF9 = {
			isa = PBXGroup;
			children = (
				FAE755B71FE2123300A09FF9 /* Test */,
				FAE755D01FE2123400A09FF9 /* TestTests */,
				FAE755DB1FE2123400A09FF9 /* TestUITests */,
				FAE755B61FE2123300A09FF9 /* Products */,
			);
			sourceTree = "<group>";
		};
		FAE755B61FE2123300A09FF9 /* Products */ = {
			isa = PBXGroup;
			children = (
				FAE755B51FE2123300A09FF9 /* Test.app */,
				FAE755CD1FE2123400A09FF9 /* TestTests.xctest */,
				FAE755D81FE2123400A09FF9 /* TestUITests.xctest */,
			);
			name = Products;
			sourceTree = "<group>";
		};
		FAE755B71FE2123300A09FF9 /* Test */ = {
			isa = PBXGroup;
			children = (
				FAE755B81FE2123300A09FF9 /* AppDelegate.h */,
				FAE755B91FE2123300A09FF9 /* AppDelegate.m */,
				FAE755BB1FE2123300A09FF9 /* ViewController.h */,
				FAE755BC1FE2123300A09FF9 /* ViewController.m */,
				FAE755BE1FE2123300A09FF9 /* Main.storyboard */,
				FAE755C11FE2123300A09FF9 /* Assets.xcassets */,
				FAE755C31FE2123300A09FF9 /* LaunchScreen.storyboard */,
				FAE755C61FE2123300A09FF9 /* Info.plist */,
				FAE755C71FE2123300A09FF9 /* main.m */,
			);
			path = Test;
			sourceTree = "<group>";
		};
		FAE755D01FE2123400A09FF9 /* TestTests */ = {
			isa = PBXGroup;
			children = (
				FAE755D11FE2123400A09FF9 /* TestTests.m */,
				FAE755D31FE2123400A09FF9 /* Info.plist */,
			);
			path = TestTests;
			sourceTree = "<group>";
		};
		FAE755DB1FE2123400A09FF9 /* TestUITests */ = {
			isa = PBXGroup;
			children = (
				FAE755DC1FE2123400A09FF9 /* TestUITests.m */,
				FAE755DE1FE2123400A09FF9 /* Info.plist */,
			);
			path = TestUITests;
			sourceTree = "<group>";
		};
/* End PBXGroup section */

/* Begin PBXNativeTarget section */
		FAE755B41FE2123300A09FF9 /* Test */ = {
			isa = PBXNativeTarget;
			buildConfigurationList = FAE755E11FE2123400A09FF9 /* Build configuration list for PBXNativeTarget "Test" */;
			buildPhases = (
				FAE755B11FE2123300A09FF9 /* Sources */,
				FAE755B21FE2123300A09FF9 /* Frameworks */,
				FAE755B31FE2123300A09FF9 /* Resources */,
			);
			buildRules = (
			);
			dependencies = (
			);
			name = Test;
			productName = Test;
			productReference = FAE755B51FE2123300A09FF9 /* Test.app */;
			productType = "com.apple.product-type.application";
		};
		FAE755CC1FE2123400A09FF9 /* TestTests */ = {
			isa = PBXNativeTarget;
			buildConfigurationList = FAE755E41FE2123400A09FF9 /* Build configuration list for PBXNativeTarget "TestTests" */;
			buildPhases = (
				FAE755C91FE2123400A09FF9 /* Sources */,
				FAE755CA1FE2123400A09FF9 /* Frameworks */,
				FAE755CB1FE2123400A09FF9 /* Resources */,
			);
			buildRules = (
			);
			dependencies = (
				FAE755CF1FE2123400A09FF9 /* PBXTargetDependency */,
			);
			name = TestTests;
			productName = TestTests;
			productReference = FAE755CD1FE2123400A09FF9 /* TestTests.xctest */;
			productType = "com.apple.product-type.bundle.unit-test";
		};
		FAE755D71FE2123400A09FF9 /* TestUITests */ = {
			isa = PBXNativeTarget;
			buildConfigurationList = FAE755E71FE2123400A09FF9 /* Build configuration list for PBXNativeTarget "TestUITests" */;
			buildPhases = (
				FAE755D41FE2123400A09FF9 /* Sources */,
				FAE755D51FE2123400A09FF9 /* Frameworks */,
				FAE755D61FE2123400A09FF9 /* Resources */,
			);
			buildRules = (
			);
			dependencies = (
				FAE755DA1FE2123400A09FF9 /* PBXTargetDependency */,
			);
			name = TestUITests;
			productName = TestUITests;
			productReference = FAE755D81FE2123400A09FF9 /* TestUITests.xctest */;
			productType = "com.apple.product-type.bundle.ui-testing";
		};
/* End PBXNativeTarget section */

/* Begin PBXProject section */
		FAE755AD1FE2123300A09FF9 /* Project object */ = {
			isa = PBXProject;
			attributes = {
				LastUpgradeCheck = 0910;
				ORGANIZATIONNAME = "新井岩生";
				TargetAttributes = {
					FAE755B41FE2123300A09FF9 = {
						CreatedOnToolsVersion = 9.1;
						ProvisioningStyle = Automatic;
					};
					FAE755CC1FE2123400A09FF9 = {
						CreatedOnToolsVersion = 9.1;
						ProvisioningStyle = Automatic;
						TestTargetID = FAE755B41FE2123300A09FF9;
					};
					FAE755D71FE2123400A09FF9 = {
						CreatedOnToolsVersion = 9.1;
						ProvisioningStyle = Automatic;
						TestTargetID = FAE755B41FE2123300A09FF9;
					};
				};
			};
			buildConfigurationList = FAE755B01FE2123300A09FF9 /* Build configuration list for PBXProject "Test" */;
			compatibilityVersion = "Xcode 8.0";
			developmentRegion = en;
			hasScannedForEncodings = 0;
			knownRegions = (
				en,
				Base,
			);
			mainGroup = FAE755AC1FE2123300A09FF9;
			productRefGroup = FAE755B61FE2123300A09FF9 /* Products */;
			projectDirPath = "";
			projectRoot = "";
			targets = (
				FAE755B41FE2123300A09FF9 /* Test */,
				FAE755CC1FE2123400A09FF9 /* TestTests */,
				FAE755D71FE2123400A09FF9 /* TestUITests */,
			);
		};
/* End PBXProject section */

/* Begin PBXResourcesBuildPhase section */
		FAE755B31FE2123300A09FF9 /* Resources */ = {
			isa = PBXResourcesBuildPhase;
			buildActionMask = 2147483647;
			files = (
				FAE755C51FE2123300A09FF9 /* LaunchScreen.storyboard in Resources */,
				FAE755C21FE2123300A09FF9 /* Assets.xcassets in Resources */,
				FAE755C01FE2123300A09FF9 /* Main.storyboard in Resources */,
			);
			runOnlyForDeploymentPostprocessing = 0;
		};
		FAE755CB1FE2123400A09FF9 /* Resources */ = {
			isa = PBXResourcesBuildPhase;
			buildActionMask = 2147483647;
			files = (
			);
			runOnlyForDeploymentPostprocessing = 0;
		};
		FAE755D61FE2123400A09FF9 /* Resources */ = {
			isa = PBXResourcesBuildPhase;
			buildActionMask = 2147483647;
			files = (
			);
			runOnlyForDeploymentPostprocessing = 0;
		};
/* End PBXResourcesBuildPhase section */

/* Begin PBXSourcesBuildPhase section */
		FAE755B11FE2123300A09FF9 /* Sources */ = {
			isa = PBXSourcesBuildPhase;
			buildActionMask = 2147483647;
			files = (
				FAE755BD1FE2123300A09FF9 /* ViewController.m in Sources */,
				FAE755C81FE2123300A09FF9 /* main.m in Sources */,
				FAE755BA1FE2123300A09FF9 /* AppDelegate.m in Sources */,
			);
			runOnlyForDeploymentPostprocessing = 0;
		};
		FAE755C91FE2123400A09FF9 /* Sources */ = {
			isa = PBXSourcesBuildPhase;
			buildActionMask = 2147483647;
			files = (
				FAE755D21FE2123400A09FF9 /* TestTests.m in Sources */,
			);
			runOnlyForDeploymentPostprocessing = 0;
		};
		FAE755D41FE2123400A09FF9 /* Sources */ = {
			isa = PBXSourcesBuildPhase;
			buildActionMask = 2147483647;
			files = (
				FAE755DD1FE2123400A09FF9 /* TestUITests.m in Sources */,
			);
			runOnlyForDeploymentPostprocessing = 0;
		};
/* End PBXSourcesBuildPhase section */

/* Begin PBXTargetDependency section */
		FAE755CF1FE2123400A09FF9 /* PBXTargetDependency */ = {
			isa = PBXTargetDependency;
			target = FAE755B41FE2123300A09FF9 /* Test */;
			targetProxy = FAE755CE1FE2123400A09FF9 /* PBXContainerItemProxy */;
		};
		FAE755DA1FE2123400A09FF9 /* PBXTargetDependency */ = {
			isa = PBXTargetDependency;
			target = FAE755B41FE2123300A09FF9 /* Test */;
			targetProxy = FAE755D91FE2123400A09FF9 /* PBXContainerItemProxy */;
		};
/* End PBXTargetDependency section */

/* Begin PBXVariantGroup section */
		FAE755BE1FE2123300A09FF9 /* Main.storyboard */ = {
			isa = PBXVariantGroup;
			children = (
				FAE755BF1FE2123300A09FF9 /* Base */,
			);
			name = Main.storyboard;
			sourceTree = "<group>";
		};
		FAE755C31FE2123300A09FF9 /* LaunchScreen.storyboard */ = {
			isa = PBXVariantGroup;
			children = (
				FAE755C41FE2123300A09FF9 /* Base */,
			);
			name = LaunchScreen.storyboard;
			sourceTree = "<group>";
		};
/* End PBXVariantGroup section */

/* Begin XCBuildConfiguration section */
		FAE755DF1FE2123400A09FF9 /* Debug */ = {
			isa = XCBuildConfiguration;
			buildSettings = {
				ALWAYS_SEARCH_USER_PATHS = NO;
				CLANG_ANALYZER_NONNULL = YES;
				CLANG_ANALYZER_NUMBER_OBJECT_CONVERSION = YES_AGGRESSIVE;
				CLANG_CXX_LANGUAGE_STANDARD = "gnu++14";
				CLANG_CXX_LIBRARY = "libc++";
				CLANG_ENABLE_MODULES = YES;
				CLANG_ENABLE_OBJC_ARC = YES;
				CLANG_WARN_BLOCK_CAPTURE_AUTORELEASING = YES;
				CLANG_WARN_BOOL_CONVERSION = YES;
				CLANG_WARN_COMMA = YES;
				CLANG_WARN_CONSTANT_CONVERSION = YES;
				CLANG_WARN_DIRECT_OBJC_ISA_USAGE = YES_ERROR;
				CLANG_WARN_DOCUMENTATION_COMMENTS = YES;
				CLANG_WARN_EMPTY_BODY = YES;
				CLANG_WARN_ENUM_CONVERSION = YES;
				CLANG_WARN_INFINITE_RECURSION = YES;
				CLANG_WARN_INT_CONVERSION = YES;
				CLANG_WARN_NON_LITERAL_NULL_CONVERSION = YES;
				CLANG_WARN_OBJC_LITERAL_CONVERSION = YES;
				CLANG_WARN_OBJC_ROOT_CLASS = YES_ERROR;
				CLANG_WARN_RANGE_LOOP_ANALYSIS = YES;
				CLANG_WARN_STRICT_PROTOTYPES = YES;
				CLANG_WARN_SUSPICIOUS_MOVE = YES;
				CLANG_WARN_UNGUARDED_AVAILABILITY = YES_AGGRESSIVE;
				CLANG_WARN_UNREACHABLE_CODE = YES;
				CLANG_WARN__DUPLICATE_METHOD_MATCH = YES;
				CODE_SIGN_IDENTITY = "iPhone Developer";
				COPY_PHASE_STRIP = NO;
				DEBUG_INFORMATION_FORMAT = dwarf;
				ENABLE_STRICT_OBJC_MSGSEND = YES;
				ENABLE_TESTABILITY = YES;
				GCC_C_LANGUAGE_STANDARD = gnu11;
				GCC_DYNAMIC_NO_PIC = NO;
				GCC_NO_COMMON_BLOCKS = YES;
				GCC_OPTIMIZATION_LEVEL = 0;
				GCC_PREPROCESSOR_DEFINITIONS = (
					"DEBUG=1",
					"$(inherited)",
				);
				GCC_WARN_64_TO_32_BIT_CONVERSION = YES;
				GCC_WARN_ABOUT_RETURN_TYPE = YES_ERROR;
				GCC_WARN_UNDECLARED_SELECTOR = YES;
				GCC_WARN_UNINITIALIZED_AUTOS = YES_AGGRESSIVE;
				GCC_WARN_UNUSED_FUNCTION = YES;
				GCC_WARN_UNUSED_VARIABLE = YES;
				IPHONEOS_DEPLOYMENT_TARGET = 11.1;
				MTL_ENABLE_DEBUG_INFO = YES;
				ONLY_ACTIVE_ARCH = YES;
				SDKROOT = iphoneos;
			};
			name = Debug;
		};
		FAE755E01FE2123400A09FF9 /* Release */ = {
			isa = XCBuildConfiguration;
			buildSettings = {
				ALWAYS_SEARCH_USER_PATHS = NO;
				CLANG_ANALYZER_NONNULL = YES;
				CLANG_ANALYZER_NUMBER_OBJECT_CONVERSION = YES_AGGRESSIVE;
				CLANG_CXX_LANGUAGE_STANDARD = "gnu++14";
				CLANG_CXX_LIBRARY = "libc++";
				CLANG_ENABLE_MODULES = YES;
				CLANG_ENABLE_OBJC_ARC = YES;
				CLANG_WARN_BLOCK_CAPTURE_AUTORELEASING = YES;
				CLANG_WARN_BOOL_CONVERSION = YES;
				CLANG_WARN_COMMA = YES;
				CLANG_WARN_CONSTANT_CONVERSION = YES;
				CLANG_WARN_DIRECT_OBJC_ISA_USAGE = YES_ERROR;
				CLANG_WARN_DOCUMENTATION_COMMENTS = YES;
				CLANG_WARN_EMPTY_BODY = YES;
				CLANG_WARN_ENUM_CONVERSION = YES;
				CLANG_WARN_INFINITE_RECURSION = YES;
				CLANG_WARN_INT_CONVERSION = YES;
				CLANG_WARN_NON_LITERAL_NULL_CONVERSION = YES;
				CLANG_WARN_OBJC_LITERAL_CONVERSION = YES;
				CLANG_WARN_OBJC_ROOT_CLASS = YES_ERROR;
				CLANG_WARN_RANGE_LOOP_ANALYSIS = YES;
				CLANG_WARN_STRICT_PROTOTYPES = YES;
				CLANG_WARN_SUSPICIOUS_MOVE = YES;
				CLANG_WARN_UNGUARDED_AVAILABILITY = YES_AGGRESSIVE;
				CLANG_WARN_UNREACHABLE_CODE = YES;
				CLANG_WARN__DUPLICATE_METHOD_MATCH = YES;
				CODE_SIGN_IDENTITY = "iPhone Developer";
				COPY_PHASE_STRIP = NO;
				DEBUG_INFORMATION_FORMAT = "dwarf-with-dsym";
				ENABLE_NS_ASSERTIONS = NO;
				ENABLE_STRICT_OBJC_MSGSEND = YES;
				GCC_C_LANGUAGE_STANDARD = gnu11;
				GCC_NO_COMMON_BLOCKS = YES;
				GCC_WARN_64_TO_32_BIT_CONVERSION = YES;
				GCC_WARN_ABOUT_RETURN_TYPE = YES_ERROR;
				GCC_WARN_UNDECLARED_SELECTOR = YES;
				GCC_WARN_UNINITIALIZED_AUTOS = YES_AGGRESSIVE;
				GCC_WARN_UNUSED_FUNCTION = YES;
				GCC_WARN_UNUSED_VARIABLE = YES;
				IPHONEOS_DEPLOYMENT_TARGET = 11.1;
				MTL_ENABLE_DEBUG_INFO = NO;
				SDKROOT = iphoneos;
				VALIDATE_PRODUCT = YES;
			};
			name = Release;
		};
		FAE755E21FE2123400A09FF9 /* Debug */ = {
			isa = XCBuildConfiguration;
			buildSettings = {
				ASSETCATALOG_COMPILER_APPICON_NAME = AppIcon;
				CODE_SIGN_STYLE = Automatic;
				INFOPLIST_FILE = Test/Info.plist;
				LD_RUNPATH_SEARCH_PATHS = "$(inherited) @executable_path/Frameworks";
				PRODUCT_BUNDLE_IDENTIFIER = com.task.arai.Test;
				PRODUCT_NAME = "$(TARGET_NAME)";
				TARGETED_DEVICE_FAMILY = "1,2";
			};
			name = Debug;
		};
		FAE755E31FE2123400A09FF9 /* Release */ = {
			isa = XCBuildConfiguration;
			buildSettings = {
				ASSETCATALOG_COMPILER_APPICON_NAME = AppIcon;
				CODE_SIGN_STYLE = Automatic;
				INFOPLIST_FILE = Test/Info.plist;
				LD_RUNPATH_SEARCH_PATHS = "$(inherited) @executable_path/Frameworks";
				PRODUCT_BUNDLE_IDENTIFIER = com.task.arai.Test;
				PRODUCT_NAME = "$(TARGET_NAME)";
				TARGETED_DEVICE_FAMILY = "1,2";
			};
			name = Release;
		};
		FAE755E51FE2123400A09FF9 /* Debug */ = {
			isa = XCBuildConfiguration;
			buildSettings = {
				BUNDLE_LOADER = "$(TEST_HOST)";
				CODE_SIGN_STYLE = Automatic;
				INFOPLIST_FILE = TestTests/Info.plist;
				LD_RUNPATH_SEARCH_PATHS = "$(inherited) @executable_path/Frameworks @loader_path/Frameworks";
				PRODUCT_BUNDLE_IDENTIFIER = com.task.arai.TestTests;
				PRODUCT_NAME = "$(TARGET_NAME)";
				TARGETED_DEVICE_FAMILY = "1,2";
				TEST_HOST = "$(BUILT_PRODUCTS_DIR)/Test.app/Test";
			};
			name = Debug;
		};
		FAE755E61FE2123400A09FF9 /* Release */ = {
			isa = XCBuildConfiguration;
			buildSettings = {
				BUNDLE_LOADER = "$(TEST_HOST)";
				CODE_SIGN_STYLE = Automatic;
				INFOPLIST_FILE = TestTests/Info.plist;
				LD_RUNPATH_SEARCH_PATHS = "$(inherited) @executable_path/Frameworks @loader_path/Frameworks";
				PRODUCT_BUNDLE_IDENTIFIER = com.task.arai.TestTests;
				PRODUCT_NAME = "$(TARGET_NAME)";
				TARGETED_DEVICE_FAMILY = "1,2";
				TEST_HOST = "$(BUILT_PRODUCTS_DIR)/Test.app/Test";
			};
			name = Release;
		};
		FAE755E81FE2123400A09FF9 /* Debug */ = {
			isa = XCBuildConfiguration;
			buildSettings = {
				CODE_SIGN_STYLE = Automatic;
				INFOPLIST_FILE = TestUITests/Info.plist;
				LD_RUNPATH_SEARCH_PATHS = "$(inherited) @executable_path/Frameworks @loader_path/Frameworks";
				PRODUCT_BUNDLE_IDENTIFIER = com.task.arai.TestUITests;
				PRODUCT_NAME = "$(TARGET_NAME)";
				TARGETED_DEVICE_FAMILY = "1,2";
				TEST_TARGET_NAME = Test;
			};
			name = Debug;
		};
		FAE755E91FE2123400A09FF9 /* Release */ = {
			isa = XCBuildConfiguration;
			buildSettings = {
				CODE_SIGN_STYLE = Automatic;
				INFOPLIST_FILE = TestUITests/Info.plist;
				LD_RUNPATH_SEARCH_PATHS = "$(inherited) @executable_path/Frameworks @loader_path/Frameworks";
				PRODUCT_BUNDLE_IDENTIFIER = com.task.arai.TestUITests;
				PRODUCT_NAME = "$(TARGET_NAME)";
				TARGETED_DEVICE_FAMILY = "1,2";
				TEST_TARGET_NAME = Test;
			};
			name = Release;
		};
/* End XCBuildConfiguration section */

/* Begin XCConfigurationList section */
		FAE755B01FE2123300A09FF9 /* Build configuration list for PBXProject "Test" */ = {
			isa = XCConfigurationList;
			buildConfigurations = (
				FAE755DF1FE2123400A09FF9 /* Debug */,
				FAE755E01FE2123400A09FF9 /* Release */,
			);
			defaultConfigurationIsVisible = 0;
			defaultConfigurationName = Release;
		};
		FAE755E11FE2123400A09FF9 /* Build configuration list for PBXNativeTarget "Test" */ = {
			isa = XCConfigurationList;
			buildConfigurations = (
				FAE755E21FE2123400A09FF9 /* Debug */,
				FAE755E31FE2123400A09FF9 /* Release */,
			);
			defaultConfigurationIsVisible = 0;
			defaultConfigurationName = Release;
		};
		FAE755E41FE2123400A09FF9 /* Build configuration list for PBXNativeTarget "TestTests" */ = {
			isa = XCConfigurationList;
			buildConfigurations = (
				FAE755E51FE2123400A09FF9 /* Debug */,
				FAE755E61FE2123400A09FF9 /* Release */,
			);
			defaultConfigurationIsVisible = 0;
			defaultConfigurationName = Release;
		};
		FAE755E71FE2123400A09FF9 /* Build configuration list for PBXNativeTarget "TestUITests" */ = {
			isa = XCConfigurationList;
			buildConfigurations = (
				FAE755E81FE2123400A09FF9 /* Debug */,
				FAE755E91FE2123400A09FF9 /* Release */,
			);
			defaultConfigurationIsVisible = 0;
			defaultConfigurationName = Release;
		};
/* End XCConfigurationList section */
	};
	rootObject = FAE755AD1FE2123300A09FF9 /* Project object */;
}
