// !$*UTF8*$!
{
	archiveVersion = 1;
	classes = {
	};
	objectVersion = 48;
	objects = {

/* Begin PBXBuildFile section */
		FAE693211FD9210C008343FF /* AppDelegate.m in Sources */ = {isa = PBXBuildFile; fileRef = FAE693201FD9210C008343FF /* AppDelegate.m */; };
		FAE693241FD9210C008343FF /* ViewController.m in Sources */ = {isa = PBXBuildFile; fileRef = FAE693231FD9210C008343FF /* ViewController.m */; };
		FAE693271FD9210C008343FF /* Main.storyboard in Resources */ = {isa = PBXBuildFile; fileRef = FAE693251FD9210C008343FF /* Main.storyboard */; };
		FAE693291FD9210C008343FF /* Assets.xcassets in Resources */ = {isa = PBXBuildFile; fileRef = FAE693281FD9210C008343FF /* Assets.xcassets */; };
		FAE6932C1FD9210C008343FF /* LaunchScreen.storyboard in Resources */ = {isa = PBXBuildFile; fileRef = FAE6932A1FD9210C008343FF /* LaunchScreen.storyboard */; };
		FAE6932F1FD9210C008343FF /* main.m in Sources */ = {isa = PBXBuildFile; fileRef = FAE6932E1FD9210C008343FF /* main.m */; };
		FAE693391FD9210C008343FF /* task1_1_5Tests.m in Sources */ = {isa = PBXBuildFile; fileRef = FAE693381FD9210C008343FF /* task1_1_5Tests.m */; };
		FAE693441FD9210C008343FF /* task1_1_5UITests.m in Sources */ = {isa = PBXBuildFile; fileRef = FAE693431FD9210C008343FF /* task1_1_5UITests.m */; };
		FAE693531FD92160008343FF /* Account.m in Sources */ = {isa = PBXBuildFile; fileRef = FAE693521FD92160008343FF /* Account.m */; };
		FAE693561FD92386008343FF /* FavoriteProgrammingLanguage.m in Sources */ = {isa = PBXBuildFile; fileRef = FAE693551FD92386008343FF /* FavoriteProgrammingLanguage.m */; };
/* End PBXBuildFile section */

/* Begin PBXContainerItemProxy section */
		FAE693351FD9210C008343FF /* PBXContainerItemProxy */ = {
			isa = PBXContainerItemProxy;
			containerPortal = FAE693141FD9210B008343FF /* Project object */;
			proxyType = 1;
			remoteGlobalIDString = FAE6931B1FD9210C008343FF;
			remoteInfo = "task1-1-5";
		};
		FAE693401FD9210C008343FF /* PBXContainerItemProxy */ = {
			isa = PBXContainerItemProxy;
			containerPortal = FAE693141FD9210B008343FF /* Project object */;
			proxyType = 1;
			remoteGlobalIDString = FAE6931B1FD9210C008343FF;
			remoteInfo = "task1-1-5";
		};
/* End PBXContainerItemProxy section */

/* Begin PBXFileReference section */
		FAE6931C1FD9210C008343FF /* task1-1-5.app */ = {isa = PBXFileReference; explicitFileType = wrapper.application; includeInIndex = 0; path = "task1-1-5.app"; sourceTree = BUILT_PRODUCTS_DIR; };
		FAE6931F1FD9210C008343FF /* AppDelegate.h */ = {isa = PBXFileReference; lastKnownFileType = sourcecode.c.h; path = AppDelegate.h; sourceTree = "<group>"; };
		FAE693201FD9210C008343FF /* AppDelegate.m */ = {isa = PBXFileReference; lastKnownFileType = sourcecode.c.objc; path = AppDelegate.m; sourceTree = "<group>"; };
		FAE693221FD9210C008343FF /* ViewController.h */ = {isa = PBXFileReference; lastKnownFileType = sourcecode.c.h; path = ViewController.h; sourceTree = "<group>"; };
		FAE693231FD9210C008343FF /* ViewController.m */ = {isa = PBXFileReference; lastKnownFileType = sourcecode.c.objc; path = ViewController.m; sourceTree = "<group>"; };
		FAE693261FD9210C008343FF /* Base */ = {isa = PBXFileReference; lastKnownFileType = file.storyboard; name = Base; path = Base.lproj/Main.storyboard; sourceTree = "<group>"; };
		FAE693281FD9210C008343FF /* Assets.xcassets */ = {isa = PBXFileReference; lastKnownFileType = folder.assetcatalog; path = Assets.xcassets; sourceTree = "<group>"; };
		FAE6932B1FD9210C008343FF /* Base */ = {isa = PBXFileReference; lastKnownFileType = file.storyboard; name = Base; path = Base.lproj/LaunchScreen.storyboard; sourceTree = "<group>"; };
		FAE6932D1FD9210C008343FF /* Info.plist */ = {isa = PBXFileReference; lastKnownFileType = text.plist.xml; path = Info.plist; sourceTree = "<group>"; };
		FAE6932E1FD9210C008343FF /* main.m */ = {isa = PBXFileReference; lastKnownFileType = sourcecode.c.objc; path = main.m; sourceTree = "<group>"; };
		FAE693341FD9210C008343FF /* task1-1-5Tests.xctest */ = {isa = PBXFileReference; explicitFileType = wrapper.cfbundle; includeInIndex = 0; path = "task1-1-5Tests.xctest"; sourceTree = BUILT_PRODUCTS_DIR; };
		FAE693381FD9210C008343FF /* task1_1_5Tests.m */ = {isa = PBXFileReference; lastKnownFileType = sourcecode.c.objc; path = task1_1_5Tests.m; sourceTree = "<group>"; };
		FAE6933A1FD9210C008343FF /* Info.plist */ = {isa = PBXFileReference; lastKnownFileType = text.plist.xml; path = Info.plist; sourceTree = "<group>"; };
		FAE6933F1FD9210C008343FF /* task1-1-5UITests.xctest */ = {isa = PBXFileReference; explicitFileType = wrapper.cfbundle; includeInIndex = 0; path = "task1-1-5UITests.xctest"; sourceTree = BUILT_PRODUCTS_DIR; };
		FAE693431FD9210C008343FF /* task1_1_5UITests.m */ = {isa = PBXFileReference; lastKnownFileType = sourcecode.c.objc; path = task1_1_5UITests.m; sourceTree = "<group>"; };
		FAE693451FD9210C008343FF /* Info.plist */ = {isa = PBXFileReference; lastKnownFileType = text.plist.xml; path = Info.plist; sourceTree = "<group>"; };
		FAE693511FD92160008343FF /* Account.h */ = {isa = PBXFileReference; lastKnownFileType = sourcecode.c.h; path = Account.h; sourceTree = "<group>"; };
		FAE693521FD92160008343FF /* Account.m */ = {isa = PBXFileReference; lastKnownFileType = sourcecode.c.objc; path = Account.m; sourceTree = "<group>"; };
		FAE693541FD92386008343FF /* FavoriteProgrammingLanguage.h */ = {isa = PBXFileReference; lastKnownFileType = sourcecode.c.h; path = FavoriteProgrammingLanguage.h; sourceTree = "<group>"; };
		FAE693551FD92386008343FF /* FavoriteProgrammingLanguage.m */ = {isa = PBXFileReference; lastKnownFileType = sourcecode.c.objc; path = FavoriteProgrammingLanguage.m; sourceTree = "<group>"; };
/* End PBXFileReference section */

/* Begin PBXFrameworksBuildPhase section */
		FAE693191FD9210C008343FF /* Frameworks */ = {
			isa = PBXFrameworksBuildPhase;
			buildActionMask = 2147483647;
			files = (
			);
			runOnlyForDeploymentPostprocessing = 0;
		};
		FAE693311FD9210C008343FF /* Frameworks */ = {
			isa = PBXFrameworksBuildPhase;
			buildActionMask = 2147483647;
			files = (
			);
			runOnlyForDeploymentPostprocessing = 0;
		};
		FAE6933C1FD9210C008343FF /* Frameworks */ = {
			isa = PBXFrameworksBuildPhase;
			buildActionMask = 2147483647;
			files = (
			);
			runOnlyForDeploymentPostprocessing = 0;
		};
/* End PBXFrameworksBuildPhase section */

/* Begin PBXGroup section */
		FAE693131FD9210B008343FF = {
			isa = PBXGroup;
			children = (
				FAE6931E1FD9210C008343FF /* task1-1-5 */,
				FAE693371FD9210C008343FF /* task1-1-5Tests */,
				FAE693421FD9210C008343FF /* task1-1-5UITests */,
				FAE6931D1FD9210C008343FF /* Products */,
			);
			sourceTree = "<group>";
		};
		FAE6931D1FD9210C008343FF /* Products */ = {
			isa = PBXGroup;
			children = (
				FAE6931C1FD9210C008343FF /* task1-1-5.app */,
				FAE693341FD9210C008343FF /* task1-1-5Tests.xctest */,
				FAE6933F1FD9210C008343FF /* task1-1-5UITests.xctest */,
			);
			name = Products;
			sourceTree = "<group>";
		};
		FAE6931E1FD9210C008343FF /* task1-1-5 */ = {
			isa = PBXGroup;
			children = (
				FAE6931F1FD9210C008343FF /* AppDelegate.h */,
				FAE693201FD9210C008343FF /* AppDelegate.m */,
				FAE693221FD9210C008343FF /* ViewController.h */,
				FAE693231FD9210C008343FF /* ViewController.m */,
				FAE693541FD92386008343FF /* FavoriteProgrammingLanguage.h */,
				FAE693551FD92386008343FF /* FavoriteProgrammingLanguage.m */,
				FAE693251FD9210C008343FF /* Main.storyboard */,
				FAE693511FD92160008343FF /* Account.h */,
				FAE693521FD92160008343FF /* Account.m */,
				FAE693281FD9210C008343FF /* Assets.xcassets */,
				FAE6932A1FD9210C008343FF /* LaunchScreen.storyboard */,
				FAE6932D1FD9210C008343FF /* Info.plist */,
				FAE6932E1FD9210C008343FF /* main.m */,
			);
			path = "task1-1-5";
			sourceTree = "<group>";
		};
		FAE693371FD9210C008343FF /* task1-1-5Tests */ = {
			isa = PBXGroup;
			children = (
				FAE693381FD9210C008343FF /* task1_1_5Tests.m */,
				FAE6933A1FD9210C008343FF /* Info.plist */,
			);
			path = "task1-1-5Tests";
			sourceTree = "<group>";
		};
		FAE693421FD9210C008343FF /* task1-1-5UITests */ = {
			isa = PBXGroup;
			children = (
				FAE693431FD9210C008343FF /* task1_1_5UITests.m */,
				FAE693451FD9210C008343FF /* Info.plist */,
			);
			path = "task1-1-5UITests";
			sourceTree = "<group>";
		};
/* End PBXGroup section */

/* Begin PBXNativeTarget section */
		FAE6931B1FD9210C008343FF /* task1-1-5 */ = {
			isa = PBXNativeTarget;
			buildConfigurationList = FAE693481FD9210C008343FF /* Build configuration list for PBXNativeTarget "task1-1-5" */;
			buildPhases = (
				FAE693181FD9210C008343FF /* Sources */,
				FAE693191FD9210C008343FF /* Frameworks */,
				FAE6931A1FD9210C008343FF /* Resources */,
			);
			buildRules = (
			);
			dependencies = (
			);
			name = "task1-1-5";
			productName = "task1-1-5";
			productReference = FAE6931C1FD9210C008343FF /* task1-1-5.app */;
			productType = "com.apple.product-type.application";
		};
		FAE693331FD9210C008343FF /* task1-1-5Tests */ = {
			isa = PBXNativeTarget;
			buildConfigurationList = FAE6934B1FD9210C008343FF /* Build configuration list for PBXNativeTarget "task1-1-5Tests" */;
			buildPhases = (
				FAE693301FD9210C008343FF /* Sources */,
				FAE693311FD9210C008343FF /* Frameworks */,
				FAE693321FD9210C008343FF /* Resources */,
			);
			buildRules = (
			);
			dependencies = (
				FAE693361FD9210C008343FF /* PBXTargetDependency */,
			);
			name = "task1-1-5Tests";
			productName = "task1-1-5Tests";
			productReference = FAE693341FD9210C008343FF /* task1-1-5Tests.xctest */;
			productType = "com.apple.product-type.bundle.unit-test";
		};
		FAE6933E1FD9210C008343FF /* task1-1-5UITests */ = {
			isa = PBXNativeTarget;
			buildConfigurationList = FAE6934E1FD9210C008343FF /* Build configuration list for PBXNativeTarget "task1-1-5UITests" */;
			buildPhases = (
				FAE6933B1FD9210C008343FF /* Sources */,
				FAE6933C1FD9210C008343FF /* Frameworks */,
				FAE6933D1FD9210C008343FF /* Resources */,
			);
			buildRules = (
			);
			dependencies = (
				FAE693411FD9210C008343FF /* PBXTargetDependency */,
			);
			name = "task1-1-5UITests";
			productName = "task1-1-5UITests";
			productReference = FAE6933F1FD9210C008343FF /* task1-1-5UITests.xctest */;
			productType = "com.apple.product-type.bundle.ui-testing";
		};
/* End PBXNativeTarget section */

/* Begin PBXProject section */
		FAE693141FD9210B008343FF /* Project object */ = {
			isa = PBXProject;
			attributes = {
				LastUpgradeCheck = 0910;
				ORGANIZATIONNAME = "新井岩生";
				TargetAttributes = {
					FAE6931B1FD9210C008343FF = {
						CreatedOnToolsVersion = 9.1;
						ProvisioningStyle = Automatic;
					};
					FAE693331FD9210C008343FF = {
						CreatedOnToolsVersion = 9.1;
						ProvisioningStyle = Automatic;
						TestTargetID = FAE6931B1FD9210C008343FF;
					};
					FAE6933E1FD9210C008343FF = {
						CreatedOnToolsVersion = 9.1;
						ProvisioningStyle = Automatic;
						TestTargetID = FAE6931B1FD9210C008343FF;
					};
				};
			};
			buildConfigurationList = FAE693171FD9210B008343FF /* Build configuration list for PBXProject "task1-1-5" */;
			compatibilityVersion = "Xcode 8.0";
			developmentRegion = en;
			hasScannedForEncodings = 0;
			knownRegions = (
				en,
				Base,
			);
			mainGroup = FAE693131FD9210B008343FF;
			productRefGroup = FAE6931D1FD9210C008343FF /* Products */;
			projectDirPath = "";
			projectRoot = "";
			targets = (
				FAE6931B1FD9210C008343FF /* task1-1-5 */,
				FAE693331FD9210C008343FF /* task1-1-5Tests */,
				FAE6933E1FD9210C008343FF /* task1-1-5UITests */,
			);
		};
/* End PBXProject section */

/* Begin PBXResourcesBuildPhase section */
		FAE6931A1FD9210C008343FF /* Resources */ = {
			isa = PBXResourcesBuildPhase;
			buildActionMask = 2147483647;
			files = (
				FAE6932C1FD9210C008343FF /* LaunchScreen.storyboard in Resources */,
				FAE693291FD9210C008343FF /* Assets.xcassets in Resources */,
				FAE693271FD9210C008343FF /* Main.storyboard in Resources */,
			);
			runOnlyForDeploymentPostprocessing = 0;
		};
		FAE693321FD9210C008343FF /* Resources */ = {
			isa = PBXResourcesBuildPhase;
			buildActionMask = 2147483647;
			files = (
			);
			runOnlyForDeploymentPostprocessing = 0;
		};
		FAE6933D1FD9210C008343FF /* Resources */ = {
			isa = PBXResourcesBuildPhase;
			buildActionMask = 2147483647;
			files = (
			);
			runOnlyForDeploymentPostprocessing = 0;
		};
/* End PBXResourcesBuildPhase section */

/* Begin PBXSourcesBuildPhase section */
		FAE693181FD9210C008343FF /* Sources */ = {
			isa = PBXSourcesBuildPhase;
			buildActionMask = 2147483647;
			files = (
				FAE693241FD9210C008343FF /* ViewController.m in Sources */,
				FAE693531FD92160008343FF /* Account.m in Sources */,
				FAE6932F1FD9210C008343FF /* main.m in Sources */,
				FAE693561FD92386008343FF /* FavoriteProgrammingLanguage.m in Sources */,
				FAE693211FD9210C008343FF /* AppDelegate.m in Sources */,
			);
			runOnlyForDeploymentPostprocessing = 0;
		};
		FAE693301FD9210C008343FF /* Sources */ = {
			isa = PBXSourcesBuildPhase;
			buildActionMask = 2147483647;
			files = (
				FAE693391FD9210C008343FF /* task1_1_5Tests.m in Sources */,
			);
			runOnlyForDeploymentPostprocessing = 0;
		};
		FAE6933B1FD9210C008343FF /* Sources */ = {
			isa = PBXSourcesBuildPhase;
			buildActionMask = 2147483647;
			files = (
				FAE693441FD9210C008343FF /* task1_1_5UITests.m in Sources */,
			);
			runOnlyForDeploymentPostprocessing = 0;
		};
/* End PBXSourcesBuildPhase section */

/* Begin PBXTargetDependency section */
		FAE693361FD9210C008343FF /* PBXTargetDependency */ = {
			isa = PBXTargetDependency;
			target = FAE6931B1FD9210C008343FF /* task1-1-5 */;
			targetProxy = FAE693351FD9210C008343FF /* PBXContainerItemProxy */;
		};
		FAE693411FD9210C008343FF /* PBXTargetDependency */ = {
			isa = PBXTargetDependency;
			target = FAE6931B1FD9210C008343FF /* task1-1-5 */;
			targetProxy = FAE693401FD9210C008343FF /* PBXContainerItemProxy */;
		};
/* End PBXTargetDependency section */

/* Begin PBXVariantGroup section */
		FAE693251FD9210C008343FF /* Main.storyboard */ = {
			isa = PBXVariantGroup;
			children = (
				FAE693261FD9210C008343FF /* Base */,
			);
			name = Main.storyboard;
			sourceTree = "<group>";
		};
		FAE6932A1FD9210C008343FF /* LaunchScreen.storyboard */ = {
			isa = PBXVariantGroup;
			children = (
				FAE6932B1FD9210C008343FF /* Base */,
			);
			name = LaunchScreen.storyboard;
			sourceTree = "<group>";
		};
/* End PBXVariantGroup section */

/* Begin XCBuildConfiguration section */
		FAE693461FD9210C008343FF /* Debug */ = {
			isa = XCBuildConfiguration;
			buildSettings = {
				ALWAYS_SEARCH_USER_PATHS = NO;
				CLANG_ANALYZER_NONNULL = YES;
				CLANG_ANALYZER_NUMBER_OBJECT_CONVERSION = YES_AGGRESSIVE;
				CLANG_CXX_LANGUAGE_STANDARD = "gnu++14";
				CLANG_CXX_LIBRARY = "libc++";
				CLANG_ENABLE_MODULES = YES;
				CLANG_ENABLE_OBJC_ARC = YES;
				CLANG_WARN_BLOCK_CAPTURE_AUTORELEASING = YES;
				CLANG_WARN_BOOL_CONVERSION = YES;
				CLANG_WARN_COMMA = YES;
				CLANG_WARN_CONSTANT_CONVERSION = YES;
				CLANG_WARN_DIRECT_OBJC_ISA_USAGE = YES_ERROR;
				CLANG_WARN_DOCUMENTATION_COMMENTS = YES;
				CLANG_WARN_EMPTY_BODY = YES;
				CLANG_WARN_ENUM_CONVERSION = YES;
				CLANG_WARN_INFINITE_RECURSION = YES;
				CLANG_WARN_INT_CONVERSION = YES;
				CLANG_WARN_NON_LITERAL_NULL_CONVERSION = YES;
				CLANG_WARN_OBJC_LITERAL_CONVERSION = YES;
				CLANG_WARN_OBJC_ROOT_CLASS = YES_ERROR;
				CLANG_WARN_RANGE_LOOP_ANALYSIS = YES;
				CLANG_WARN_STRICT_PROTOTYPES = YES;
				CLANG_WARN_SUSPICIOUS_MOVE = YES;
				CLANG_WARN_UNGUARDED_AVAILABILITY = YES_AGGRESSIVE;
				CLANG_WARN_UNREACHABLE_CODE = YES;
				CLANG_WARN__DUPLICATE_METHOD_MATCH = YES;
				CODE_SIGN_IDENTITY = "iPhone Developer";
				COPY_PHASE_STRIP = NO;
				DEBUG_INFORMATION_FORMAT = dwarf;
				ENABLE_STRICT_OBJC_MSGSEND = YES;
				ENABLE_TESTABILITY = YES;
				GCC_C_LANGUAGE_STANDARD = gnu11;
				GCC_DYNAMIC_NO_PIC = NO;
				GCC_NO_COMMON_BLOCKS = YES;
				GCC_OPTIMIZATION_LEVEL = 0;
				GCC_PREPROCESSOR_DEFINITIONS = (
					"DEBUG=1",
					"$(inherited)",
				);
				GCC_WARN_64_TO_32_BIT_CONVERSION = YES;
				GCC_WARN_ABOUT_RETURN_TYPE = YES_ERROR;
				GCC_WARN_UNDECLARED_SELECTOR = YES;
				GCC_WARN_UNINITIALIZED_AUTOS = YES_AGGRESSIVE;
				GCC_WARN_UNUSED_FUNCTION = YES;
				GCC_WARN_UNUSED_VARIABLE = YES;
				IPHONEOS_DEPLOYMENT_TARGET = 11.1;
				MTL_ENABLE_DEBUG_INFO = YES;
				ONLY_ACTIVE_ARCH = YES;
				SDKROOT = iphoneos;
			};
			name = Debug;
		};
		FAE693471FD9210C008343FF /* Release */ = {
			isa = XCBuildConfiguration;
			buildSettings = {
				ALWAYS_SEARCH_USER_PATHS = NO;
				CLANG_ANALYZER_NONNULL = YES;
				CLANG_ANALYZER_NUMBER_OBJECT_CONVERSION = YES_AGGRESSIVE;
				CLANG_CXX_LANGUAGE_STANDARD = "gnu++14";
				CLANG_CXX_LIBRARY = "libc++";
				CLANG_ENABLE_MODULES = YES;
				CLANG_ENABLE_OBJC_ARC = YES;
				CLANG_WARN_BLOCK_CAPTURE_AUTORELEASING = YES;
				CLANG_WARN_BOOL_CONVERSION = YES;
				CLANG_WARN_COMMA = YES;
				CLANG_WARN_CONSTANT_CONVERSION = YES;
				CLANG_WARN_DIRECT_OBJC_ISA_USAGE = YES_ERROR;
				CLANG_WARN_DOCUMENTATION_COMMENTS = YES;
				CLANG_WARN_EMPTY_BODY = YES;
				CLANG_WARN_ENUM_CONVERSION = YES;
				CLANG_WARN_INFINITE_RECURSION = YES;
				CLANG_WARN_INT_CONVERSION = YES;
				CLANG_WARN_NON_LITERAL_NULL_CONVERSION = YES;
				CLANG_WARN_OBJC_LITERAL_CONVERSION = YES;
				CLANG_WARN_OBJC_ROOT_CLASS = YES_ERROR;
				CLANG_WARN_RANGE_LOOP_ANALYSIS = YES;
				CLANG_WARN_STRICT_PROTOTYPES = YES;
				CLANG_WARN_SUSPICIOUS_MOVE = YES;
				CLANG_WARN_UNGUARDED_AVAILABILITY = YES_AGGRESSIVE;
				CLANG_WARN_UNREACHABLE_CODE = YES;
				CLANG_WARN__DUPLICATE_METHOD_MATCH = YES;
				CODE_SIGN_IDENTITY = "iPhone Developer";
				COPY_PHASE_STRIP = NO;
				DEBUG_INFORMATION_FORMAT = "dwarf-with-dsym";
				ENABLE_NS_ASSERTIONS = NO;
				ENABLE_STRICT_OBJC_MSGSEND = YES;
				GCC_C_LANGUAGE_STANDARD = gnu11;
				GCC_NO_COMMON_BLOCKS = YES;
				GCC_WARN_64_TO_32_BIT_CONVERSION = YES;
				GCC_WARN_ABOUT_RETURN_TYPE = YES_ERROR;
				GCC_WARN_UNDECLARED_SELECTOR = YES;
				GCC_WARN_UNINITIALIZED_AUTOS = YES_AGGRESSIVE;
				GCC_WARN_UNUSED_FUNCTION = YES;
				GCC_WARN_UNUSED_VARIABLE = YES;
				IPHONEOS_DEPLOYMENT_TARGET = 11.1;
				MTL_ENABLE_DEBUG_INFO = NO;
				SDKROOT = iphoneos;
				VALIDATE_PRODUCT = YES;
			};
			name = Release;
		};
		FAE693491FD9210C008343FF /* Debug */ = {
			isa = XCBuildConfiguration;
			buildSettings = {
				ASSETCATALOG_COMPILER_APPICON_NAME = AppIcon;
				CODE_SIGN_STYLE = Automatic;
				INFOPLIST_FILE = "task1-1-5/Info.plist";
				LD_RUNPATH_SEARCH_PATHS = "$(inherited) @executable_path/Frameworks";
				PRODUCT_BUNDLE_IDENTIFIER = "com.task.arai.task1-1-5";
				PRODUCT_NAME = "$(TARGET_NAME)";
				TARGETED_DEVICE_FAMILY = "1,2";
			};
			name = Debug;
		};
		FAE6934A1FD9210C008343FF /* Release */ = {
			isa = XCBuildConfiguration;
			buildSettings = {
				ASSETCATALOG_COMPILER_APPICON_NAME = AppIcon;
				CODE_SIGN_STYLE = Automatic;
				INFOPLIST_FILE = "task1-1-5/Info.plist";
				LD_RUNPATH_SEARCH_PATHS = "$(inherited) @executable_path/Frameworks";
				PRODUCT_BUNDLE_IDENTIFIER = "com.task.arai.task1-1-5";
				PRODUCT_NAME = "$(TARGET_NAME)";
				TARGETED_DEVICE_FAMILY = "1,2";
			};
			name = Release;
		};
		FAE6934C1FD9210C008343FF /* Debug */ = {
			isa = XCBuildConfiguration;
			buildSettings = {
				BUNDLE_LOADER = "$(TEST_HOST)";
				CODE_SIGN_STYLE = Automatic;
				INFOPLIST_FILE = "task1-1-5Tests/Info.plist";
				LD_RUNPATH_SEARCH_PATHS = "$(inherited) @executable_path/Frameworks @loader_path/Frameworks";
				PRODUCT_BUNDLE_IDENTIFIER = "com.task.arai.task1-1-5Tests";
				PRODUCT_NAME = "$(TARGET_NAME)";
				TARGETED_DEVICE_FAMILY = "1,2";
				TEST_HOST = "$(BUILT_PRODUCTS_DIR)/task1-1-5.app/task1-1-5";
			};
			name = Debug;
		};
		FAE6934D1FD9210C008343FF /* Release */ = {
			isa = XCBuildConfiguration;
			buildSettings = {
				BUNDLE_LOADER = "$(TEST_HOST)";
				CODE_SIGN_STYLE = Automatic;
				INFOPLIST_FILE = "task1-1-5Tests/Info.plist";
				LD_RUNPATH_SEARCH_PATHS = "$(inherited) @executable_path/Frameworks @loader_path/Frameworks";
				PRODUCT_BUNDLE_IDENTIFIER = "com.task.arai.task1-1-5Tests";
				PRODUCT_NAME = "$(TARGET_NAME)";
				TARGETED_DEVICE_FAMILY = "1,2";
				TEST_HOST = "$(BUILT_PRODUCTS_DIR)/task1-1-5.app/task1-1-5";
			};
			name = Release;
		};
		FAE6934F1FD9210C008343FF /* Debug */ = {
			isa = XCBuildConfiguration;
			buildSettings = {
				CODE_SIGN_STYLE = Automatic;
				INFOPLIST_FILE = "task1-1-5UITests/Info.plist";
				LD_RUNPATH_SEARCH_PATHS = "$(inherited) @executable_path/Frameworks @loader_path/Frameworks";
				PRODUCT_BUNDLE_IDENTIFIER = "com.task.arai.task1-1-5UITests";
				PRODUCT_NAME = "$(TARGET_NAME)";
				TARGETED_DEVICE_FAMILY = "1,2";
				TEST_TARGET_NAME = "task1-1-5";
			};
			name = Debug;
		};
		FAE693501FD9210C008343FF /* Release */ = {
			isa = XCBuildConfiguration;
			buildSettings = {
				CODE_SIGN_STYLE = Automatic;
				INFOPLIST_FILE = "task1-1-5UITests/Info.plist";
				LD_RUNPATH_SEARCH_PATHS = "$(inherited) @executable_path/Frameworks @loader_path/Frameworks";
				PRODUCT_BUNDLE_IDENTIFIER = "com.task.arai.task1-1-5UITests";
				PRODUCT_NAME = "$(TARGET_NAME)";
				TARGETED_DEVICE_FAMILY = "1,2";
				TEST_TARGET_NAME = "task1-1-5";
			};
			name = Release;
		};
/* End XCBuildConfiguration section */

/* Begin XCConfigurationList section */
		FAE693171FD9210B008343FF /* Build configuration list for PBXProject "task1-1-5" */ = {
			isa = XCConfigurationList;
			buildConfigurations = (
				FAE693461FD9210C008343FF /* Debug */,
				FAE693471FD9210C008343FF /* Release */,
			);
			defaultConfigurationIsVisible = 0;
			defaultConfigurationName = Release;
		};
		FAE693481FD9210C008343FF /* Build configuration list for PBXNativeTarget "task1-1-5" */ = {
			isa = XCConfigurationList;
			buildConfigurations = (
				FAE693491FD9210C008343FF /* Debug */,
				FAE6934A1FD9210C008343FF /* Release */,
			);
			defaultConfigurationIsVisible = 0;
			defaultConfigurationName = Release;
		};
		FAE6934B1FD9210C008343FF /* Build configuration list for PBXNativeTarget "task1-1-5Tests" */ = {
			isa = XCConfigurationList;
			buildConfigurations = (
				FAE6934C1FD9210C008343FF /* Debug */,
				FAE6934D1FD9210C008343FF /* Release */,
			);
			defaultConfigurationIsVisible = 0;
			defaultConfigurationName = Release;
		};
		FAE6934E1FD9210C008343FF /* Build configuration list for PBXNativeTarget "task1-1-5UITests" */ = {
			isa = XCConfigurationList;
			buildConfigurations = (
				FAE6934F1FD9210C008343FF /* Debug */,
				FAE693501FD9210C008343FF /* Release */,
			);
			defaultConfigurationIsVisible = 0;
			defaultConfigurationName = Release;
		};
/* End XCConfigurationList section */
	};
	rootObject = FAE693141FD9210B008343FF /* Project object */;
}
